
Microsoft Visual Studio Solution File, Format Version 12.00
# Visual Studio Version 17
VisualStudioVersion = 17.3.32922.545
MinimumVisualStudioVersion = 10.0.40219.1
Project("{FAE04EC0-301F-11D3-BF4B-00C04F79EFBC}") = "RevitAPI_Ex_5_Part_2", "RevitAPI_Ex_5_Part_2\RevitAPI_Ex_5_Part_2.csproj", "{B3A1994A-60E7-4076-A58C-1F1DEB4310DC}"
EndProject
Global
	GlobalSection(SolutionConfigurationPlatforms) = preSolution
		Debug|Any CPU = Debug|Any CPU
		Release|Any CPU = Release|Any CPU
	EndGlobalSection
	GlobalSection(ProjectConfigurationPlatforms) = postSolution
		{B3A1994A-60E7-4076-A58C-1F1DEB4310DC}.Debug|Any CPU.ActiveCfg = Debug|Any CPU
		{B3A1994A-60E7-4076-A58C-1F1DEB4310DC}.Debug|Any CPU.Build.0 = Debug|Any CPU
		{B3A1994A-60E7-4076-A58C-1F1DEB4310DC}.Release|Any CPU.ActiveCfg = Release|Any CPU
		{B3A1994A-60E7-4076-A58C-1F1DEB4310DC}.Release|Any CPU.Build.0 = Release|Any CPU
	EndGlobalSection
	GlobalSection(SolutionProperties) = preSolution
		HideSolutionNode = FALSE
	EndGlobalSection
	GlobalSection(ExtensibilityGlobals) = postSolution
		SolutionGuid = {F53815AC-54AC-478D-A2E2-1A4A4A32A4A3}
	EndGlobalSection
EndGlobal
